
Microsoft Visual Studio Solution File, Format Version 12.00
# Visual Studio Version 16
VisualStudioVersion = 16.0.31205.134
MinimumVisualStudioVersion = 10.0.40219.1
Project("{FAE04EC0-301F-11D3-BF4B-00C04F79EFBC}") = "Auxilium_API", "Auxilium_API.csproj", "{BC80FC70-035B-4A15-9F89-E23EA75A8730}"
EndProject
Global
	GlobalSection(SolutionConfigurationPlatforms) = preSolution
		Debug|Any CPU = Debug|Any CPU
		Release|Any CPU = Release|Any CPU
	EndGlobalSection
	GlobalSection(ProjectConfigurationPlatforms) = postSolution
		{BC80FC70-035B-4A15-9F89-E23EA75A8730}.Debug|Any CPU.ActiveCfg = Debug|Any CPU
		{BC80FC70-035B-4A15-9F89-E23EA75A8730}.Debug|Any CPU.Build.0 = Debug|Any CPU
		{BC80FC70-035B-4A15-9F89-E23EA75A8730}.Release|Any CPU.ActiveCfg = Release|Any CPU
		{BC80FC70-035B-4A15-9F89-E23EA75A8730}.Release|Any CPU.Build.0 = Release|Any CPU
	EndGlobalSection
	GlobalSection(SolutionProperties) = preSolution
		HideSolutionNode = FALSE
	EndGlobalSection
	GlobalSection(ExtensibilityGlobals) = postSolution
		SolutionGuid = {24B34626-086A-43EC-ABB7-758D815A1ED3}
	EndGlobalSection
EndGlobal
